
Microsoft Visual Studio Solution File, Format Version 12.00
# Visual Studio Version 17
VisualStudioVersion = 17.13.35825.156 d17.13
MinimumVisualStudioVersion = 10.0.40219.1
Project("{FAE04EC0-301F-11D3-BF4B-00C04F79EFBC}") = "Task 1", "Task 1.csproj", "{264F8588-05E3-47C2-BF75-D1AE7C1A6300}"
EndProject
Global
	GlobalSection(SolutionConfigurationPlatforms) = preSolution
		Debug|Any CPU = Debug|Any CPU
		Release|Any CPU = Release|Any CPU
	EndGlobalSection
	GlobalSection(ProjectConfigurationPlatforms) = postSolution
		{264F8588-05E3-47C2-BF75-D1AE7C1A6300}.Debug|Any CPU.ActiveCfg = Debug|Any CPU
		{264F8588-05E3-47C2-BF75-D1AE7C1A6300}.Debug|Any CPU.Build.0 = Debug|Any CPU
		{264F8588-05E3-47C2-BF75-D1AE7C1A6300}.Release|Any CPU.ActiveCfg = Release|Any CPU
		{264F8588-05E3-47C2-BF75-D1AE7C1A6300}.Release|Any CPU.Build.0 = Release|Any CPU
	EndGlobalSection
	GlobalSection(SolutionProperties) = preSolution
		HideSolutionNode = FALSE
	EndGlobalSection
	GlobalSection(ExtensibilityGlobals) = postSolution
		SolutionGuid = {9C524878-ADF8-4530-B3C6-8E81D56E453F}
	EndGlobalSection
EndGlobal
